Microsoft Visual Studio Solution File, Format Version 12.00
# Visual Studio Version 17
VisualStudioVersion = 17.10.35013.160
MinimumVisualStudioVersion = 10.0.40219.1

Project("{9A19103F-16F7-4668-BE54-9A1E7A4F7556}") = "NanoServers", "NanoServers.csproj", "{D1BDFC20-0900-4048-AEF9-66294E3BEB3F}"
EndProject

Global
    GlobalSection(SolutionConfigurationPlatforms) = preSolution
        BepInEx_Release|Any CPU = BepInEx_Release|Any CPU
        Debug|Any CPU = Debug|Any CPU
        Release|Any CPU = Release|Any CPU
    EndGlobalSection

    GlobalSection(ProjectConfigurationPlatforms) = postSolution
        {D1BDFC20-0900-4048-AEF9-66294E3BEB3F}.BepInEx_Release|Any CPU.ActiveCfg = BepInEx_Release|Any CPU
        {D1BDFC20-0900-4048-AEF9-66294E3BEB3F}.BepInEx_Release|Any CPU.Build.0 = BepInEx_Release|Any CPU

        {D1BDFC20-0900-4048-AEF9-66294E3BEB3F}.Debug|Any CPU.ActiveCfg = Debug|Any CPU
        {D1BDFC20-0900-4048-AEF9-66294E3BEB3F}.Debug|Any CPU.Build.0 = Debug|Any CPU

        {D1BDFC20-0900-4048-AEF9-66294E3BEB3F}.Release|Any CPU.ActiveCfg = Release|Any CPU
        {D1BDFC20-0900-4048-AEF9-66294E3BEB3F}.Release|Any CPU.Build.0 = Release|Any CPU
    EndGlobalSection

    GlobalSection(SolutionProperties) = preSolution
        HideSolutionNode = FALSE
    EndGlobalSection

    GlobalSection(ExtensibilityGlobals) = postSolution
        SolutionGuid = {A769CF92-E75B-473A-8200-E6D24472B884}
    EndGlobalSection
EndGlobal